{
  "version": "4",
  "specifiers": {
    "jsr:@cliffy/command@1.0.0-rc.4": "1.0.0-rc.4",
    "jsr:@cliffy/flags@1.0.0-rc.4": "1.0.0-rc.4",
    "jsr:@cliffy/table@1.0.0-rc.4": "1.0.0-rc.4",
    "jsr:@diskuto/client@~0.10.2": "0.10.2",
    "jsr:@luca/esbuild-deno-loader@0.11": "0.11.0",
    "jsr:@luca/esbuild-deno-loader@~0.10.3": "0.10.3",
    "jsr:@nfnitloop/better-iterators@^1.5.0": "1.5.0",
    "jsr:@nfnitloop/deno-embedder@1.6.0": "1.6.0",
    "jsr:@nfnitloop/deno-embedder@1.6.1": "1.6.1",
    "jsr:@nfnitloop/deno-embedder@^1.6.1": "1.6.1",
    "jsr:@noble/ed25519@^2.2.3": "2.2.3",
    "jsr:@noble/hashes@^1.7.0": "1.7.1",
    "jsr:@oak/commons@0.10": "0.10.2",
    "jsr:@oak/oak@16.0.0": "16.0.0",
    "jsr:@std/assert@*": "0.226.0",
    "jsr:@std/assert@0.196": "0.196.0",
    "jsr:@std/assert@0.221": "0.221.0",
    "jsr:@std/assert@0.223": "0.223.0",
    "jsr:@std/assert@0.224": "0.224.0",
    "jsr:@std/assert@0.225": "0.225.3",
    "jsr:@std/assert@0.226": "0.226.0",
    "jsr:@std/assert@~0.213.1": "0.213.1",
    "jsr:@std/async@0.196.0": "0.196.0",
    "jsr:@std/bytes@0.223": "0.223.0",
    "jsr:@std/bytes@0.224": "0.224.0",
    "jsr:@std/bytes@^1.0.2": "1.0.4",
    "jsr:@std/collections@^1.0.5": "1.0.9",
    "jsr:@std/collections@^1.0.9": "1.0.10",
    "jsr:@std/console@0.221": "0.221.0",
    "jsr:@std/crypto@0.223": "0.223.0",
    "jsr:@std/crypto@0.224": "0.224.0",
    "jsr:@std/encoding@0.213": "0.213.1",
    "jsr:@std/encoding@0.223": "0.223.0",
    "jsr:@std/encoding@0.224.0": "0.224.0",
    "jsr:@std/encoding@1.0.0-rc.2": "1.0.0-rc.2",
    "jsr:@std/encoding@^1.0.5": "1.0.7",
    "jsr:@std/fmt@0.221": "0.221.0",
    "jsr:@std/fs@0.229.0": "0.229.0",
    "jsr:@std/fs@1": "1.0.5",
    "jsr:@std/http@0.223": "0.223.0",
    "jsr:@std/http@0.224": "0.224.5",
    "jsr:@std/internal@1": "1.0.5",
    "jsr:@std/io@0.223": "0.223.0",
    "jsr:@std/json@1": "1.0.0",
    "jsr:@std/json@~0.213.1": "0.213.1",
    "jsr:@std/jsonc@0.213": "0.213.1",
    "jsr:@std/jsonc@1.0.1": "1.0.1",
    "jsr:@std/media-types@0.223": "0.223.0",
    "jsr:@std/media-types@0.224": "0.224.0",
    "jsr:@std/media-types@0.224.0": "0.224.0",
    "jsr:@std/path@0.213": "0.213.1",
    "jsr:@std/path@0.223": "0.223.0",
    "jsr:@std/path@0.225": "0.225.0",
    "jsr:@std/path@0.225.0": "0.225.0",
    "jsr:@std/path@1.0.8": "1.0.8",
    "jsr:@std/path@^1.0.6": "1.0.8",
    "jsr:@std/path@^1.0.7": "1.0.8",
    "jsr:@std/text@0.221": "0.221.0",
    "jsr:@std/toml@^1.0.1": "1.0.2",
    "npm:@bufbuild/protobuf@^2.2.1": "2.2.3",
    "npm:@preact/signals-core@*": "1.8.0",
    "npm:@preact/signals@^1.3.0": "1.3.0_preact@10.24.3",
    "npm:@types/commonmark@*": "0.27.9",
    "npm:@types/commonmark@0.27": "0.27.9",
    "npm:@types/luxon@^3.4.2": "3.4.2",
    "npm:@types/node@*": "22.5.4",
    "npm:bs58@6": "6.0.0",
    "npm:bs58check@4": "4.0.0",
    "npm:commonmark@~0.31.2": "0.31.2",
    "npm:esbuild-sass-plugin@3.3.0": "3.3.0_esbuild@0.21.1_sass-embedded@1.77.2",
    "npm:esbuild-sass-plugin@3.3.1": "3.3.1_esbuild@0.20.2_sass-embedded@1.77.2",
    "npm:esbuild@0.20.2": "0.20.2",
    "npm:esbuild@0.21.1": "0.21.1",
    "npm:esbuild@0.22.0": "0.22.0",
    "npm:lru-cache@^11.0.2": "11.0.2",
    "npm:luxon@^3.5.0": "3.5.0",
    "npm:path-to-regexp@6.2.1": "6.2.1",
    "npm:preact-render-to-string@^6.5.11": "6.5.11_preact@10.24.3",
    "npm:preact@^10.24.3": "10.24.3",
    "npm:zod@3.23.4": "3.23.4",
    "npm:zod@3.24.1": "3.24.1",
    "npm:zod@^3.23.8": "3.23.8"
  },
  "jsr": {
    "@cliffy/command@1.0.0-rc.4": {
      "integrity": "709884ffe0f53ce3edafa92b58223634397878fbf6dcabe0c74ea0108273b9f7",
      "dependencies": [
        "jsr:@cliffy/flags",
        "jsr:@cliffy/table",
        "jsr:@std/fmt",
        "jsr:@std/text"
      ]
    },
    "@cliffy/flags@1.0.0-rc.4": {
      "integrity": "29f370ade4ddf6e150a4d25fc44661234c19870ffcf7fb07cd100f1843fcd6e1",
      "dependencies": [
        "jsr:@std/text"
      ]
    },
    "@cliffy/table@1.0.0-rc.4": {
      "integrity": "990e4e0b3910e6c9cf7a5b4318b8f5e121cf681494c94fd113febb9b4d4c0741",
      "dependencies": [
        "jsr:@std/console",
        "jsr:@std/fmt"
      ]
    },
    "@diskuto/client@0.10.2": {
      "integrity": "9942814f79c514016e6cf9a54ec6f0db651b4ed296f443f782333a227db39037",
      "dependencies": [
        "jsr:@noble/ed25519",
        "jsr:@noble/hashes",
        "jsr:@std/encoding@^1.0.5",
        "npm:@bufbuild/protobuf",
        "npm:bs58",
        "npm:bs58check"
      ]
    },
    "@luca/esbuild-deno-loader@0.10.3": {
      "integrity": "32fc93f7e7f78060234fd5929a740668aab1c742b808c6048b57f9aaea514921",
      "dependencies": [
        "jsr:@std/encoding@0.213",
        "jsr:@std/jsonc@0.213",
        "jsr:@std/path@0.213"
      ]
    },
    "@luca/esbuild-deno-loader@0.11.0": {
      "integrity": "c05a989aa7c4ee6992a27be5f15cfc5be12834cab7ff84cabb47313737c51a2c",
      "dependencies": [
        "jsr:@std/bytes@^1.0.2",
        "jsr:@std/encoding@^1.0.5",
        "jsr:@std/path@^1.0.6"
      ]
    },
    "@nfnitloop/better-iterators@1.5.0": {
      "integrity": "cf528c1e1494cffb43e17c5752ecd8edd75492f51246440498c1f311d3fb65cb"
    },
    "@nfnitloop/deno-embedder@1.6.0": {
      "integrity": "e11a9ca26cbc4194ded35be5ac0fb9840969d36ef33e578e77eba21889e9a931",
      "dependencies": [
        "jsr:@std/encoding@0.224.0"
      ]
    },
    "@nfnitloop/deno-embedder@1.6.1": {
      "integrity": "55ac71cff3c82bf39cb27437a4ca532462731a17657faff592c16d44487f7dab",
      "dependencies": [
        "jsr:@cliffy/command",
        "jsr:@luca/esbuild-deno-loader@0.11",
        "jsr:@oak/oak",
        "jsr:@std/async",
        "jsr:@std/encoding@0.224.0",
        "jsr:@std/fs@0.229.0",
        "jsr:@std/fs@1",
        "jsr:@std/jsonc@1.0.1",
        "jsr:@std/media-types@0.224.0",
        "jsr:@std/path@0.225.0",
        "jsr:@std/path@1.0.8",
        "npm:esbuild@0.22.0",
        "npm:zod@3.23.4"
      ]
    },
    "@noble/ed25519@2.2.3": {
      "integrity": "77d984ee6b823c8b1a4a36aa56105d60e696a4e7b599b821712d1251481e2f9c"
    },
    "@noble/hashes@1.7.1": {
      "integrity": "2c29f1dc07943155f5c7384be6f570a749c2afee95a0557cdae02b4fd5956134"
    },
    "@oak/commons@0.10.2": {
      "integrity": "f47aebe12c3c73372ebe96250dbcd469d11f9e9df0cd89169d245bf674a347d5",
      "dependencies": [
        "jsr:@std/assert@0.226",
        "jsr:@std/bytes@0.224",
        "jsr:@std/crypto@0.224",
        "jsr:@std/http@0.224",
        "jsr:@std/media-types@0.224"
      ]
    },
    "@oak/oak@16.0.0": {
      "integrity": "a98756fb4bf69f728c9a5179ff4157620946c5969bcaa3d6bd64cca8b198f74e",
      "dependencies": [
        "jsr:@oak/commons",
        "jsr:@std/assert@0.223",
        "jsr:@std/bytes@0.223",
        "jsr:@std/crypto@0.223",
        "jsr:@std/http@0.223",
        "jsr:@std/io",
        "jsr:@std/media-types@0.223",
        "jsr:@std/path@0.223",
        "npm:path-to-regexp"
      ]
    },
    "@std/assert@0.196.0": {
      "integrity": "ede8c09c2bb176dc9356c04d2548412e492a58dcf73aad0965695a4d8336f66b"
    },
    "@std/assert@0.213.1": {
      "integrity": "24c28178b30c8e0782c18e8e94ea72b16282207569cdd10ffb9d1d26f2edebfe"
    },
    "@std/assert@0.221.0": {
      "integrity": "a5f1aa6e7909dbea271754fd4ab3f4e687aeff4873b4cef9a320af813adb489a"
    },
    "@std/assert@0.223.0": {
      "integrity": "eb8d6d879d76e1cc431205bd346ed4d88dc051c6366365b1af47034b0670be24"
    },
    "@std/assert@0.224.0": {
      "integrity": "8643233ec7aec38a940a8264a6e3eed9bfa44e7a71cc6b3c8874213ff401967f"
    },
    "@std/assert@0.225.3": {
      "integrity": "b3c2847aecf6955b50644cdb9cf072004ea3d1998dd7579fc0acb99dbb23bd4f"
    },
    "@std/assert@0.226.0": {
      "integrity": "0dfb5f7c7723c18cec118e080fec76ce15b4c31154b15ad2bd74822603ef75b3",
      "dependencies": [
        "jsr:@std/internal"
      ]
    },
    "@std/async@0.196.0": {
      "integrity": "bd572776dfdf94bcbe00ceea1263e06f0c0060ff258f8a5cf644c5b43992755a",
      "dependencies": [
        "jsr:@std/assert@0.196"
      ]
    },
    "@std/bytes@0.223.0": {
      "integrity": "84b75052cd8680942c397c2631318772b295019098f40aac5c36cead4cba51a8"
    },
    "@std/bytes@0.224.0": {
      "integrity": "a2250e1d0eb7d1c5a426f21267ab9bdeac2447fa87a3d0d1a467d3f7a6058e49"
    },
    "@std/bytes@1.0.4": {
      "integrity": "11a0debe522707c95c7b7ef89b478c13fb1583a7cfb9a85674cd2cc2e3a28abc"
    },
    "@std/collections@1.0.9": {
      "integrity": "4f58104ead08a04a2199374247f07befe50ba01d9cca8cbb23ab9a0419921e71"
    },
    "@std/collections@1.0.10": {
      "integrity": "903af106a3d92970d74e20f7ebff77d9658af9bef4403f1dc42a7801c0575899"
    },
    "@std/console@0.221.0": {
      "integrity": "8f2afc1f3f14f5d6039c0c767f057e4aa1897d2210e167c4667cb155cafb9d11",
      "dependencies": [
        "jsr:@std/assert@0.221"
      ]
    },
    "@std/crypto@0.223.0": {
      "integrity": "1aa9555ff56b09e197ad988ea200f84bc6781fd4fd83f3a156ee44449af93000",
      "dependencies": [
        "jsr:@std/assert@0.223",
        "jsr:@std/encoding@0.223"
      ]
    },
    "@std/crypto@0.224.0": {
      "integrity": "154ef3ff08ef535562ef1a718718c5b2c5fc3808f0f9100daad69e829bfcdf2d",
      "dependencies": [
        "jsr:@std/assert@0.224"
      ]
    },
    "@std/encoding@0.213.1": {
      "integrity": "fcbb6928713dde941a18ca5db88ca1544d0755ec8fb20fe61e2dc8144b390c62"
    },
    "@std/encoding@0.223.0": {
      "integrity": "2b5615a75e00337ce113f34cf2f9b8c18182c751a8dcc8b1a2c2fc0e117bef00"
    },
    "@std/encoding@0.224.0": {
      "integrity": "efb6dca97d3e9c31392bd5c8cfd9f9fc9decf5a1f4d1f78af7900a493bcf89b5"
    },
    "@std/encoding@1.0.0-rc.2": {
      "integrity": "160d7674a20ebfbccdf610b3801fee91cf6e42d1c106dd46bbaf46e395cd35ef"
    },
    "@std/encoding@1.0.5": {
      "integrity": "ecf363d4fc25bd85bd915ff6733a7e79b67e0e7806334af15f4645c569fefc04"
    },
    "@std/encoding@1.0.6": {
      "integrity": "ca87122c196e8831737d9547acf001766618e78cd8c33920776c7f5885546069"
    },
    "@std/encoding@1.0.7": {
      "integrity": "f631247c1698fef289f2de9e2a33d571e46133b38d042905e3eac3715030a82d"
    },
    "@std/fmt@0.221.0": {
      "integrity": "379fed69bdd9731110f26b9085aeb740606b20428ce6af31ef6bd45ef8efa62a"
    },
    "@std/fs@0.229.0": {
      "integrity": "c353340334dd25b879c4e6e72371b2664da2bd41b633b5837c7249c04d90903d",
      "dependencies": [
        "jsr:@std/assert@0.225",
        "jsr:@std/path@0.225"
      ]
    },
    "@std/fs@1.0.5": {
      "integrity": "41806ad6823d0b5f275f9849a2640d87e4ef67c51ee1b8fb02426f55e02fd44e",
      "dependencies": [
        "jsr:@std/path@^1.0.7"
      ]
    },
    "@std/http@0.223.0": {
      "integrity": "15ab8a0c5a7e9d5be017a15b01600f20f66602ceec48b378939fa24fcec522aa",
      "dependencies": [
        "jsr:@std/assert@0.223",
        "jsr:@std/encoding@0.223"
      ]
    },
    "@std/http@0.224.5": {
      "integrity": "b03b5d1529f6c423badfb82f6640f9f2557b4034cd7c30655ba5bb447ff750a4",
      "dependencies": [
        "jsr:@std/encoding@1.0.0-rc.2"
      ]
    },
    "@std/internal@1.0.5": {
      "integrity": "54a546004f769c1ac9e025abd15a76b6671ddc9687e2313b67376125650dc7ba"
    },
    "@std/io@0.223.0": {
      "integrity": "2d8c3c2ab3a515619b90da2c6ff5ea7b75a94383259ef4d02116b228393f84f1",
      "dependencies": [
        "jsr:@std/bytes@0.223"
      ]
    },
    "@std/json@0.213.1": {
      "integrity": "f572b1de605d07c4a5602445dac54bfc51b1fb87a3710a17aed2608bfca54e68"
    },
    "@std/json@1.0.0": {
      "integrity": "985c1e544918d42e4e84072fc739ac4a19c3a5093292c99742ffcdd03fb6a268"
    },
    "@std/jsonc@0.213.1": {
      "integrity": "5578f21aa583b7eb7317eed077ffcde47b294f1056bdbb9aacec407758637bfe",
      "dependencies": [
        "jsr:@std/assert@~0.213.1",
        "jsr:@std/json@~0.213.1"
      ]
    },
    "@std/jsonc@1.0.1": {
      "integrity": "6b36956e2a7cbb08ca5ad7fbec72e661e6217c202f348496ea88747636710dda",
      "dependencies": [
        "jsr:@std/json@1"
      ]
    },
    "@std/media-types@0.223.0": {
      "integrity": "84684680c2eb6bc6d9369c6d6f26a49decaf2c7603ff531862dda575d9d6776e"
    },
    "@std/media-types@0.224.0": {
      "integrity": "5ac87989393f8cb1c81bee02aef6f5d4c8289b416deabc04f9ad25dff292d0b0"
    },
    "@std/path@0.213.1": {
      "integrity": "f187bf278a172752e02fcbacf6bd78a335ed320d080a7ed3a5a59c3e88abc673",
      "dependencies": [
        "jsr:@std/assert@~0.213.1"
      ]
    },
    "@std/path@0.223.0": {
      "integrity": "593963402d7e6597f5a6e620931661053572c982fc014000459edc1f93cc3989",
      "dependencies": [
        "jsr:@std/assert@0.223"
      ]
    },
    "@std/path@0.225.0": {
      "integrity": "044ed8d9ca76fa997ff1d30d48fc7756b4389bf6ce1ff9710633a2d174343bb3",
      "dependencies": [
        "jsr:@std/assert@0.225"
      ]
    },
    "@std/path@1.0.8": {
      "integrity": "548fa456bb6a04d3c1a1e7477986b6cffbce95102d0bb447c67c4ee70e0364be"
    },
    "@std/text@0.221.0": {
      "integrity": "a2f89ceb0d8851cd33e6774064621a1da9fbc36578cf4f02c5b5bcd7e8c84b67",
      "dependencies": [
        "jsr:@std/assert@0.221"
      ]
    },
    "@std/toml@1.0.1": {
      "integrity": "b55b407159930f338d384b1f8fd317c8e8a35e27ebb8946155f49e3a158d16c4",
      "dependencies": [
        "jsr:@std/collections@^1.0.5"
      ]
    },
    "@std/toml@1.0.2": {
      "integrity": "5892ba489c5b512265a384238a8fe8dddbbb9498b4b210ef1b9f0336a423a39b",
      "dependencies": [
        "jsr:@std/collections@^1.0.9"
      ]
    }
  },
  "npm": {
    "@bufbuild/protobuf@1.9.0": {
      "integrity": "sha512-W7gp8Q/v1NlCZLsv8pQ3Y0uCu/SHgXOVFK+eUluUKWXmsb6VHkpNx0apdOWWcDbB9sJoKeP8uPrjmehJz6xETQ=="
    },
    "@bufbuild/protobuf@2.2.3": {
      "integrity": "sha512-tFQoXHJdkEOSwj5tRIZSPNUuXK3RaR7T1nUrPgbYX1pUbvqqaaZAsfo+NXBPsz5rZMSKVFrgK1WL8Q/MSLvprg=="
    },
    "@esbuild/aix-ppc64@0.20.2": {
      "integrity": "sha512-D+EBOJHXdNZcLJRBkhENNG8Wji2kgc9AZ9KiPr1JuZjsNtyHzrsfLRrY0tk2H2aoFu6RANO1y1iPPUCDYWkb5g=="
    },
    "@esbuild/aix-ppc64@0.21.1": {
      "integrity": "sha512-O7yppwipkXvnEPjzkSXJRk2g4bS8sUx9p9oXHq9MU/U7lxUzZVsnFZMDTmeeX9bfQxrFcvOacl/ENgOh0WP9pA=="
    },
    "@esbuild/aix-ppc64@0.22.0": {
      "integrity": "sha512-uvQR2crZ/zgzSHDvdygHyNI+ze9zwS8mqz0YtGXotSqvEE0UkYE9s+FZKQNTt1VtT719mfP3vHrUdCpxBNQZhQ=="
    },
    "@esbuild/android-arm64@0.20.2": {
      "integrity": "sha512-mRzjLacRtl/tWU0SvD8lUEwb61yP9cqQo6noDZP/O8VkwafSYwZ4yWy24kan8jE/IMERpYncRt2dw438LP3Xmg=="
    },
    "@esbuild/android-arm64@0.21.1": {
      "integrity": "sha512-jXhccq6es+onw7x8MxoFnm820mz7sGa9J14kLADclmiEUH4fyj+FjR6t0M93RgtlI/awHWhtF0Wgfhqgf9gDZA=="
    },
    "@esbuild/android-arm64@0.22.0": {
      "integrity": "sha512-UKhPb3o2gAB/bfXcl58ZXTn1q2oVu1rEu/bKrCtmm+Nj5MKUbrOwR5WAixE2v+lk0amWuwPvhnPpBRLIGiq7ig=="
    },
    "@esbuild/android-arm@0.20.2": {
      "integrity": "sha512-t98Ra6pw2VaDhqNWO2Oph2LXbz/EJcnLmKLGBJwEwXX/JAN83Fym1rU8l0JUWK6HkIbWONCSSatf4sf2NBRx/w=="
    },
    "@esbuild/android-arm@0.21.1": {
      "integrity": "sha512-hh3jKWikdnTtHCglDAeVO3Oyh8MaH8xZUaWMiCCvJ9/c3NtPqZq+CACOlGTxhddypXhl+8B45SeceYBfB/e8Ow=="
    },
    "@esbuild/android-arm@0.22.0": {
      "integrity": "sha512-PBnyP+r8vJE4ifxsWys9l+Mc2UY/yYZOpX82eoyGISXXb3dRr0M21v+s4fgRKWMFPMSf/iyowqPW/u7ScSUkjQ=="
    },
    "@esbuild/android-x64@0.20.2": {
      "integrity": "sha512-btzExgV+/lMGDDa194CcUQm53ncxzeBrWJcncOBxuC6ndBkKxnHdFJn86mCIgTELsooUmwUm9FkhSp5HYu00Rg=="
    },
    "@esbuild/android-x64@0.21.1": {
      "integrity": "sha512-NPObtlBh4jQHE01gJeucqEhdoD/4ya2owSIS8lZYS58aR0x7oZo9lB2lVFxgTANSa5MGCBeoQtr+yA9oKCGPvA=="
    },
    "@esbuild/android-x64@0.22.0": {
      "integrity": "sha512-IjTYtvIrjhR41Ijy2dDPgYjQHWG/x/A4KXYbs1fiU3efpRdoxMChK3oEZV6GPzVEzJqxFgcuBaiX1kwEvWUxSw=="
    },
    "@esbuild/darwin-arm64@0.20.2": {
      "integrity": "sha512-4J6IRT+10J3aJH3l1yzEg9y3wkTDgDk7TSDFX+wKFiWjqWp/iCfLIYzGyasx9l0SAFPT1HwSCR+0w/h1ES/MjA=="
    },
    "@esbuild/darwin-arm64@0.21.1": {
      "integrity": "sha512-BLT7TDzqsVlQRmJfO/FirzKlzmDpBWwmCUlyggfzUwg1cAxVxeA4O6b1XkMInlxISdfPAOunV9zXjvh5x99Heg=="
    },
    "@esbuild/darwin-arm64@0.22.0": {
      "integrity": "sha512-mqt+Go4y9wRvEz81bhKd9RpHsQR1LwU8Xm6jZRUV/xpM7cIQFbFH6wBCLPTNsdELBvfoHeumud7X78jQQJv2TA=="
    },
    "@esbuild/darwin-x64@0.20.2": {
      "integrity": "sha512-tBcXp9KNphnNH0dfhv8KYkZhjc+H3XBkF5DKtswJblV7KlT9EI2+jeA8DgBjp908WEuYll6pF+UStUCfEpdysA=="
    },
    "@esbuild/darwin-x64@0.21.1": {
      "integrity": "sha512-D3h3wBQmeS/vp93O4B+SWsXB8HvRDwMyhTNhBd8yMbh5wN/2pPWRW5o/hM3EKgk9bdKd9594lMGoTCTiglQGRQ=="
    },
    "@esbuild/darwin-x64@0.22.0": {
      "integrity": "sha512-vTaTQ9OgYc3VTaWtOE5pSuDT6H3d/qSRFRfSBbnxFfzAvYoB3pqKXA0LEbi/oT8GUOEAutspfRMqPj2ezdFaMw=="
    },
    "@esbuild/freebsd-arm64@0.20.2": {
      "integrity": "sha512-d3qI41G4SuLiCGCFGUrKsSeTXyWG6yem1KcGZVS+3FYlYhtNoNgYrWcvkOoaqMhwXSMrZRl69ArHsGJ9mYdbbw=="
    },
    "@esbuild/freebsd-arm64@0.21.1": {
      "integrity": "sha512-/uVdqqpNKXIxT6TyS/oSK4XE4xWOqp6fh4B5tgAwozkyWdylcX+W4YF2v6SKsL4wCQ5h1bnaSNjWPXG/2hp8AQ=="
    },
    "@esbuild/freebsd-arm64@0.22.0": {
      "integrity": "sha512-0e1ZgoobJzaGnR4reD7I9rYZ7ttqdh1KPvJWnquUoDJhL0rYwdneeLailBzd2/4g/U5p4e5TIHEWa68NF2hFpQ=="
    },
    "@esbuild/freebsd-x64@0.20.2": {
      "integrity": "sha512-d+DipyvHRuqEeM5zDivKV1KuXn9WeRX6vqSqIDgwIfPQtwMP4jaDsQsDncjTDDsExT4lR/91OLjRo8bmC1e+Cw=="
    },
    "@esbuild/freebsd-x64@0.21.1": {
      "integrity": "sha512-paAkKN1n1jJitw+dAoR27TdCzxRl1FOEITx3h201R6NoXUojpMzgMLdkXVgCvaCSCqwYkeGLoe9UVNRDKSvQgw=="
    },
    "@esbuild/freebsd-x64@0.22.0": {
      "integrity": "sha512-BFgyYwlCwRWyPQJtkzqq2p6pJbiiWgp0P9PNf7a5FQ1itKY4czPuOMAlFVItirSmEpRPCeImuwePNScZS0pL5Q=="
    },
    "@esbuild/linux-arm64@0.20.2": {
      "integrity": "sha512-9pb6rBjGvTFNira2FLIWqDk/uaf42sSyLE8j1rnUpuzsODBq7FvpwHYZxQ/It/8b+QOS1RYfqgGFNLRI+qlq2A=="
    },
    "@esbuild/linux-arm64@0.21.1": {
      "integrity": "sha512-G65d08YoH00TL7Xg4LaL3gLV21bpoAhQ+r31NUu013YB7KK0fyXIt05VbsJtpqh/6wWxoLJZOvQHYnodRrnbUQ=="
    },
    "@esbuild/linux-arm64@0.22.0": {
      "integrity": "sha512-V/K2rctCUgC0PCXpN7AqT4hoazXKgIYugFGu/myk2+pfe6jTW2guz/TBwq4cZ7ESqusR/IzkcQaBkcjquuBWsw=="
    },
    "@esbuild/linux-arm@0.20.2": {
      "integrity": "sha512-VhLPeR8HTMPccbuWWcEUD1Az68TqaTYyj6nfE4QByZIQEQVWBB8vup8PpR7y1QHL3CpcF6xd5WVBU/+SBEvGTg=="
    },
    "@esbuild/linux-arm@0.21.1": {
      "integrity": "sha512-tRHnxWJnvNnDpNVnsyDhr1DIQZUfCXlHSCDohbXFqmg9W4kKR7g8LmA3kzcwbuxbRMKeit8ladnCabU5f2traA=="
    },
    "@esbuild/linux-arm@0.22.0": {
      "integrity": "sha512-KEMWiA9aGuPUD4BH5yjlhElLgaRXe+Eri6gKBoDazoPBTo1BXc/e6IW5FcJO9DoL19FBeCxgONyh95hLDNepIg=="
    },
    "@esbuild/linux-ia32@0.20.2": {
      "integrity": "sha512-o10utieEkNPFDZFQm9CoP7Tvb33UutoJqg3qKf1PWVeeJhJw0Q347PxMvBgVVFgouYLGIhFYG0UGdBumROyiig=="
    },
    "@esbuild/linux-ia32@0.21.1": {
      "integrity": "sha512-tt/54LqNNAqCz++QhxoqB9+XqdsaZOtFD/srEhHYwBd3ZUOepmR1Eeot8bS+Q7BiEvy9vvKbtpHf+r6q8hF5UA=="
    },
    "@esbuild/linux-ia32@0.22.0": {
      "integrity": "sha512-r2ZZqkOMOrpUhzNwxI7uLAHIDwkfeqmTnrv1cjpL/rjllPWszgqmprd/om9oviKXUBpMqHbXmppvjAYgISb26Q=="
    },
    "@esbuild/linux-loong64@0.20.2": {
      "integrity": "sha512-PR7sp6R/UC4CFVomVINKJ80pMFlfDfMQMYynX7t1tNTeivQ6XdX5r2XovMmha/VjR1YN/HgHWsVcTRIMkymrgQ=="
    },
    "@esbuild/linux-loong64@0.21.1": {
      "integrity": "sha512-MhNalK6r0nZD0q8VzUBPwheHzXPr9wronqmZrewLfP7ui9Fv1tdPmg6e7A8lmg0ziQCziSDHxh3cyRt4YMhGnQ=="
    },
    "@esbuild/linux-loong64@0.22.0": {
      "integrity": "sha512-qaowLrV/YOMAL2RfKQ4C/VaDzAuLDuylM2sd/LH+4OFirMl6CuDpRlCq4u49ZBaVV8pkI/Y+hTdiibvQRhojCA=="
    },
    "@esbuild/linux-mips64el@0.20.2": {
      "integrity": "sha512-4BlTqeutE/KnOiTG5Y6Sb/Hw6hsBOZapOVF6njAESHInhlQAghVVZL1ZpIctBOoTFbQyGW+LsVYZ8lSSB3wkjA=="
    },
    "@esbuild/linux-mips64el@0.21.1": {
      "integrity": "sha512-YCKVY7Zen5rwZV+nZczOhFmHaeIxR4Zn3jcmNH53LbgF6IKRwmrMywqDrg4SiSNApEefkAbPSIzN39FC8VsxPg=="
    },
    "@esbuild/linux-mips64el@0.22.0": {
      "integrity": "sha512-hgrezzjQTRxjkQ5k08J6rtZN5PNnkWx/Rz6Kmj9gnsdCAX1I4Dn4ZPqvFRkXo55Q3pnVQJBwbdtrTO7tMGtyVA=="
    },
    "@esbuild/linux-ppc64@0.20.2": {
      "integrity": "sha512-rD3KsaDprDcfajSKdn25ooz5J5/fWBylaaXkuotBDGnMnDP1Uv5DLAN/45qfnf3JDYyJv/ytGHQaziHUdyzaAg=="
    },
    "@esbuild/linux-ppc64@0.21.1": {
      "integrity": "sha512-bw7bcQ+270IOzDV4mcsKAnDtAFqKO0jVv3IgRSd8iM0ac3L8amvCrujRVt1ajBTJcpDaFhIX+lCNRKteoDSLig=="
    },
    "@esbuild/linux-ppc64@0.22.0": {
      "integrity": "sha512-ewxg6FLLUio883XgSjfULEmDl3VPv/TYNnRprVAS3QeGFLdCYdx1tIudBcd7n9jIdk82v1Ajov4jx87qW7h9+g=="
    },
    "@esbuild/linux-riscv64@0.20.2": {
      "integrity": "sha512-snwmBKacKmwTMmhLlz/3aH1Q9T8v45bKYGE3j26TsaOVtjIag4wLfWSiZykXzXuE1kbCE+zJRmwp+ZbIHinnVg=="
    },
    "@esbuild/linux-riscv64@0.21.1": {
      "integrity": "sha512-ARmDRNkcOGOm1AqUBSwRVDfDeD9hGYRfkudP2QdoonBz1ucWVnfBPfy7H4JPI14eYtZruRSczJxyu7SRYDVOcg=="
    },
    "@esbuild/linux-riscv64@0.22.0": {
      "integrity": "sha512-Az5XbgSJC2lE8XK8pdcutsf9RgdafWdTpUK/+6uaDdfkviw/B4JCwAfh1qVeRWwOohwdsl4ywZrWBNWxwrPLFg=="
    },
    "@esbuild/linux-s390x@0.20.2": {
      "integrity": "sha512-wcWISOobRWNm3cezm5HOZcYz1sKoHLd8VL1dl309DiixxVFoFe/o8HnwuIwn6sXre88Nwj+VwZUvJf4AFxkyrQ=="
    },
    "@esbuild/linux-s390x@0.21.1": {
      "integrity": "sha512-o73TcUNMuoTZlhwFdsgr8SfQtmMV58sbgq6gQq9G1xUiYnHMTmJbwq65RzMx89l0iya69lR4bxBgtWiiOyDQZA=="
    },
    "@esbuild/linux-s390x@0.22.0": {
      "integrity": "sha512-8j4a2ChT9+V34NNNY9c/gMldutaJFmfMacTPq4KfNKwv2fitBCLYjee7c+Vxaha2nUhPK7cXcZpJtJ3+Y7ZdVQ=="
    },
    "@esbuild/linux-x64@0.20.2": {
      "integrity": "sha512-1MdwI6OOTsfQfek8sLwgyjOXAu+wKhLEoaOLTjbijk6E2WONYpH9ZU2mNtR+lZ2B4uwr+usqGuVfFT9tMtGvGw=="
    },
    "@esbuild/linux-x64@0.21.1": {
      "integrity": "sha512-da4/1mBJwwgJkbj4fMH7SOXq2zapgTo0LKXX1VUZ0Dxr+e8N0WbS80nSZ5+zf3lvpf8qxrkZdqkOqFfm57gXwA=="
    },
    "@esbuild/linux-x64@0.22.0": {
      "integrity": "sha512-JUQyOnpbAkkRFOk/AhsEemz5TfWN4FJZxVObUlnlNCbe7QBl61ZNfM4cwBXayQA6laMJMUcqLHaYQHAB6YQ95Q=="
    },
    "@esbuild/netbsd-x64@0.20.2": {
      "integrity": "sha512-K8/DhBxcVQkzYc43yJXDSyjlFeHQJBiowJ0uVL6Tor3jGQfSGHNNJcWxNbOI8v5k82prYqzPuwkzHt3J1T1iZQ=="
    },
    "@esbuild/netbsd-x64@0.21.1": {
      "integrity": "sha512-CPWs0HTFe5woTJN5eKPvgraUoRHrCtzlYIAv9wBC+FAyagBSaf+UdZrjwYyTGnwPGkThV4OCI7XibZOnPvONVw=="
    },
    "@esbuild/netbsd-x64@0.22.0": {
      "integrity": "sha512-11PoCoHXo4HFNbLsXuMB6bpMPWGDiw7xETji6COdJss4SQZLvcgNoeSqWtATRm10Jj1uEHiaIk4N0PiN6x4Fcg=="
    },
    "@esbuild/openbsd-arm64@0.22.0": {
      "integrity": "sha512-Ezlhu/YyITmXwKSB+Zu/QqD7cxrjrpiw85cc0Rbd3AWr2wsgp+dWbWOE8MqHaLW9NKMZvuL0DhbJbvzR7F6Zvg=="
    },
    "@esbuild/openbsd-x64@0.20.2": {
      "integrity": "sha512-eMpKlV0SThJmmJgiVyN9jTPJ2VBPquf6Kt/nAoo6DgHAoN57K15ZghiHaMvqjCye/uU4X5u3YSMgVBI1h3vKrQ=="
    },
    "@esbuild/openbsd-x64@0.21.1": {
      "integrity": "sha512-xxhTm5QtzNLc24R0hEkcH+zCx/o49AsdFZ0Cy5zSd/5tOj4X2g3/2AJB625NoadUuc4A8B3TenLJoYdWYOYCew=="
    },
    "@esbuild/openbsd-x64@0.22.0": {
      "integrity": "sha512-ufjdW5tFJGUjlH9j/5cCE9lrwRffyZh+T4vYvoDKoYsC6IXbwaFeV/ENxeNXcxotF0P8CDzoICXVSbJaGBhkrw=="
    },
    "@esbuild/sunos-x64@0.20.2": {
      "integrity": "sha512-2UyFtRC6cXLyejf/YEld4Hajo7UHILetzE1vsRcGL3earZEW77JxrFjH4Ez2qaTiEfMgAXxfAZCm1fvM/G/o8w=="
    },
    "@esbuild/sunos-x64@0.21.1": {
      "integrity": "sha512-CWibXszpWys1pYmbr9UiKAkX6x+Sxw8HWtw1dRESK1dLW5fFJ6rMDVw0o8MbadusvVQx1a8xuOxnHXT941Hp1A=="
    },
    "@esbuild/sunos-x64@0.22.0": {
      "integrity": "sha512-zY6ly/AoSmKnmNTowDJsK5ehra153/5ZhqxNLfq9NRsTTltetr+yHHcQ4RW7QDqw4JC8A1uC1YmeSfK9NRcK1w=="
    },
    "@esbuild/win32-arm64@0.20.2": {
      "integrity": "sha512-GRibxoawM9ZCnDxnP3usoUDO9vUkpAxIIZ6GQI+IlVmr5kP3zUq+l17xELTHMWTWzjxa2guPNyrpq1GWmPvcGQ=="
    },
    "@esbuild/win32-arm64@0.21.1": {
      "integrity": "sha512-jb5B4k+xkytGbGUS4T+Z89cQJ9DJ4lozGRSV+hhfmCPpfJ3880O31Q1srPCimm+V6UCbnigqD10EgDNgjvjerQ=="
    },
    "@esbuild/win32-arm64@0.22.0": {
      "integrity": "sha512-Kml5F7tv/1Maam0pbbCrvkk9vj046dPej30kFzlhXnhuCtYYBP6FGy/cLbc5yUT1lkZznGLf2OvuvmLjscO5rw=="
    },
    "@esbuild/win32-ia32@0.20.2": {
      "integrity": "sha512-HfLOfn9YWmkSKRQqovpnITazdtquEW8/SoHW7pWpuEeguaZI4QnCRW6b+oZTztdBnZOS2hqJ6im/D5cPzBTTlQ=="
    },
    "@esbuild/win32-ia32@0.21.1": {
      "integrity": "sha512-PgyFvjJhXqHn1uxPhyN1wZ6dIomKjiLUQh1LjFvjiV1JmnkZ/oMPrfeEAZg5R/1ftz4LZWZr02kefNIQ5SKREQ=="
    },
    "@esbuild/win32-ia32@0.22.0": {
      "integrity": "sha512-IOgwn+mYTM3RrcydP4Og5IpXh+ftN8oF+HELTXSmbWBlujuci4Qa3DTeO+LEErceisI7KUSfEIiX+WOUlpELkw=="
    },
    "@esbuild/win32-x64@0.20.2": {
      "integrity": "sha512-N49X4lJX27+l9jbLKSqZ6bKNjzQvHaT8IIFUy+YIqmXQdjYCToGWwOItDrfby14c78aDd5NHQl29xingXfCdLQ=="
    },
    "@esbuild/win32-x64@0.21.1": {
      "integrity": "sha512-W9NttRZQR5ehAiqHGDnvfDaGmQOm6Fi4vSlce8mjM75x//XKuVAByohlEX6N17yZnVXxQFuh4fDRunP8ca6bfA=="
    },
    "@esbuild/win32-x64@0.22.0": {
      "integrity": "sha512-4bDHJrk2WHBXJPhy1y80X7/5b5iZTZP3LGcKIlAP1J+KqZ4zQAPMLEzftGyjjfcKbA4JDlPt/+2R/F1ZTeRgrw=="
    },
    "@noble/hashes@1.7.0": {
      "integrity": "sha512-HXydb0DgzTpDPwbVeDGCG1gIu7X6+AuU6Zl6av/E/KG8LMsvPntvq+w17CHRpKBmN6Ybdrt1eP3k4cj8DJa78w=="
    },
    "@preact/signals-core@1.8.0": {
      "integrity": "sha512-OBvUsRZqNmjzCZXWLxkZfhcgT+Fk8DDcT/8vD6a1xhDemodyy87UJRJfASMuSD8FaAIeGgGm85ydXhm7lr4fyA=="
    },
    "@preact/signals@1.3.0_preact@10.24.3": {
      "integrity": "sha512-EOMeg42SlLS72dhoq6Vjq08havnLseWmPQ8A0YsgIAqMgWgx7V1a39+Pxo6i7SY5NwJtH4849JogFq3M67AzWg==",
      "dependencies": [
        "@preact/signals-core",
        "preact"
      ]
    },
    "@types/commonmark@0.27.9": {
      "integrity": "sha512-d3+57WgyPCcIc6oshmcPkmP4+JqRRot9eeZLsBsutWtIxwWivpoyc2wEcolOp8MyO3ZWN846mMdoR02kdHSMCw=="
    },
    "@types/luxon@3.4.2": {
      "integrity": "sha512-TifLZlFudklWlMBfhubvgqTXRzLDI5pCbGa4P8a3wPyUQSW+1xQ5eDsreP9DWHX3tjq1ke96uYG/nwundroWcA=="
    },
    "@types/node@22.5.4": {
      "integrity": "sha512-FDuKUJQm/ju9fT/SeX/6+gBzoPzlVCzfzmGkwKvRHQVxi4BntVbyIwf6a4Xn62mrvndLiml6z/UBXIdEVjQLXg==",
      "dependencies": [
        "undici-types"
      ]
    },
    "anymatch@3.1.3": {
      "integrity": "sha512-KMReFUr0B4t+D+OBkjR3KYqvocp2XaSzO55UcB6mgQMd3KbcE+mWTyvVV7D/zsdEbNnV6acZUutkiHQXvTr1Rw==",
      "dependencies": [
        "normalize-path",
        "picomatch"
      ]
    },
    "base-x@5.0.0": {
      "integrity": "sha512-sMW3VGSX1QWVFA6l8U62MLKz29rRfpTlYdCqLdpLo1/Yd4zZwSbnUaDfciIAowAqvq7YFnWq9hrhdg1KYgc1lQ=="
    },
    "binary-extensions@2.3.0": {
      "integrity": "sha512-Ceh+7ox5qe7LJuLHoY0feh3pHuUDHAcRUeyL2VYghZwfpkNIy/+8Ocg0a3UuSoYzavmylwuLWQOf3hl0jjMMIw=="
    },
    "braces@3.0.3": {
      "integrity": "sha512-yQbXgO/OSZVD2IsiLlro+7Hf6Q18EJrKSEsdoMzKePKXct3gvD8oLcOQdIzGupr5Fj+EDe8gO/lxc1BzfMpxvA==",
      "dependencies": [
        "fill-range"
      ]
    },
    "bs58@6.0.0": {
      "integrity": "sha512-PD0wEnEYg6ijszw/u8s+iI3H17cTymlrwkKhDhPZq+Sokl3AU4htyBFTjAeNAlCCmg0f53g6ih3jATyCKftTfw==",
      "dependencies": [
        "base-x"
      ]
    },
    "bs58check@4.0.0": {
      "integrity": "sha512-FsGDOnFg9aVI9erdriULkd/JjEWONV/lQE5aYziB5PoBsXRind56lh8doIZIc9X4HoxT5x4bLjMWN1/NB8Zp5g==",
      "dependencies": [
        "@noble/hashes",
        "bs58"
      ]
    },
    "buffer-builder@0.2.0": {
      "integrity": "sha512-7VPMEPuYznPSoR21NE1zvd2Xna6c/CloiZCfcMXR1Jny6PjX0N4Nsa38zcBFo/FMK+BlA+FLKbJCQ0i2yxp+Xg=="
    },
    "chokidar@3.6.0": {
      "integrity": "sha512-7VT13fmjotKpGipCW9JEQAusEPE+Ei8nl6/g4FBAmIm0GOOLMua9NDDo/DWp0ZAxCr3cPq5ZpBqmPAQgDda2Pw==",
      "dependencies": [
        "anymatch",
        "braces",
        "fsevents",
        "glob-parent",
        "is-binary-path",
        "is-glob",
        "normalize-path",
        "readdirp"
      ]
    },
    "commonmark@0.31.2": {
      "integrity": "sha512-2fRLTyb9r/2835k5cwcAwOj0DEc44FARnMp5veGsJ+mEAZdi52sNopLu07ZyElQUz058H43whzlERDIaaSw4rg==",
      "dependencies": [
        "entities",
        "mdurl",
        "minimist"
      ]
    },
    "entities@3.0.1": {
      "integrity": "sha512-WiyBqoomrwMdFG1e0kqvASYfnlb0lp8M5o5Fw2OFq1hNZxxcNk8Ik0Xm7LxzBhuidnZB/UtBqVCgUz3kBOP51Q=="
    },
    "esbuild-sass-plugin@3.3.0_esbuild@0.21.1_sass-embedded@1.77.2": {
      "integrity": "sha512-btH77lGkASp1VHyji0dAanomatCwq1dmfrjAIjhv+GgR9LK2m1hbRr+t4kbjveyqCwmdBfRkboj+Pfaruok1Mg==",
      "dependencies": [
        "esbuild@0.21.1",
        "resolve",
        "sass",
        "sass-embedded"
      ]
    },
    "esbuild-sass-plugin@3.3.1_esbuild@0.20.2_sass-embedded@1.77.2": {
      "integrity": "sha512-SnO1ls+d52n6j8gRRpjexXI8MsHEaumS0IdDHaYM29Y6gakzZYMls6i9ql9+AWMSQk/eryndmUpXEgT34QrX1A==",
      "dependencies": [
        "esbuild@0.20.2",
        "resolve",
        "safe-identifier",
        "sass",
        "sass-embedded"
      ]
    },
    "esbuild@0.20.2": {
      "integrity": "sha512-WdOOppmUNU+IbZ0PaDiTst80zjnrOkyJNHoKupIcVyU8Lvla3Ugx94VzkQ32Ijqd7UhHJy75gNWDMUekcrSJ6g==",
      "dependencies": [
        "@esbuild/aix-ppc64@0.20.2",
        "@esbuild/android-arm@0.20.2",
        "@esbuild/android-arm64@0.20.2",
        "@esbuild/android-x64@0.20.2",
        "@esbuild/darwin-arm64@0.20.2",
        "@esbuild/darwin-x64@0.20.2",
        "@esbuild/freebsd-arm64@0.20.2",
        "@esbuild/freebsd-x64@0.20.2",
        "@esbuild/linux-arm@0.20.2",
        "@esbuild/linux-arm64@0.20.2",
        "@esbuild/linux-ia32@0.20.2",
        "@esbuild/linux-loong64@0.20.2",
        "@esbuild/linux-mips64el@0.20.2",
        "@esbuild/linux-ppc64@0.20.2",
        "@esbuild/linux-riscv64@0.20.2",
        "@esbuild/linux-s390x@0.20.2",
        "@esbuild/linux-x64@0.20.2",
        "@esbuild/netbsd-x64@0.20.2",
        "@esbuild/openbsd-x64@0.20.2",
        "@esbuild/sunos-x64@0.20.2",
        "@esbuild/win32-arm64@0.20.2",
        "@esbuild/win32-ia32@0.20.2",
        "@esbuild/win32-x64@0.20.2"
      ]
    },
    "esbuild@0.21.1": {
      "integrity": "sha512-GPqx+FX7mdqulCeQ4TsGZQ3djBJkx5k7zBGtqt9ycVlWNg8llJ4RO9n2vciu8BN2zAEs6lPbPl0asZsAh7oWzg==",
      "dependencies": [
        "@esbuild/aix-ppc64@0.21.1",
        "@esbuild/android-arm@0.21.1",
        "@esbuild/android-arm64@0.21.1",
        "@esbuild/android-x64@0.21.1",
        "@esbuild/darwin-arm64@0.21.1",
        "@esbuild/darwin-x64@0.21.1",
        "@esbuild/freebsd-arm64@0.21.1",
        "@esbuild/freebsd-x64@0.21.1",
        "@esbuild/linux-arm@0.21.1",
        "@esbuild/linux-arm64@0.21.1",
        "@esbuild/linux-ia32@0.21.1",
        "@esbuild/linux-loong64@0.21.1",
        "@esbuild/linux-mips64el@0.21.1",
        "@esbuild/linux-ppc64@0.21.1",
        "@esbuild/linux-riscv64@0.21.1",
        "@esbuild/linux-s390x@0.21.1",
        "@esbuild/linux-x64@0.21.1",
        "@esbuild/netbsd-x64@0.21.1",
        "@esbuild/openbsd-x64@0.21.1",
        "@esbuild/sunos-x64@0.21.1",
        "@esbuild/win32-arm64@0.21.1",
        "@esbuild/win32-ia32@0.21.1",
        "@esbuild/win32-x64@0.21.1"
      ]
    },
    "esbuild@0.22.0": {
      "integrity": "sha512-zNYA6bFZsVnsU481FnGAQjLDW0Pl/8BGG7EvAp15RzUvGC+ME7hf1q7LvIfStEQBz/iEHuBJCYcOwPmNCf1Tlw==",
      "dependencies": [
        "@esbuild/aix-ppc64@0.22.0",
        "@esbuild/android-arm@0.22.0",
        "@esbuild/android-arm64@0.22.0",
        "@esbuild/android-x64@0.22.0",
        "@esbuild/darwin-arm64@0.22.0",
        "@esbuild/darwin-x64@0.22.0",
        "@esbuild/freebsd-arm64@0.22.0",
        "@esbuild/freebsd-x64@0.22.0",
        "@esbuild/linux-arm@0.22.0",
        "@esbuild/linux-arm64@0.22.0",
        "@esbuild/linux-ia32@0.22.0",
        "@esbuild/linux-loong64@0.22.0",
        "@esbuild/linux-mips64el@0.22.0",
        "@esbuild/linux-ppc64@0.22.0",
        "@esbuild/linux-riscv64@0.22.0",
        "@esbuild/linux-s390x@0.22.0",
        "@esbuild/linux-x64@0.22.0",
        "@esbuild/netbsd-x64@0.22.0",
        "@esbuild/openbsd-arm64",
        "@esbuild/openbsd-x64@0.22.0",
        "@esbuild/sunos-x64@0.22.0",
        "@esbuild/win32-arm64@0.22.0",
        "@esbuild/win32-ia32@0.22.0",
        "@esbuild/win32-x64@0.22.0"
      ]
    },
    "fill-range@7.1.1": {
      "integrity": "sha512-YsGpe3WHLK8ZYi4tWDg2Jy3ebRz2rXowDxnld4bkQB00cc/1Zw9AWnC0i9ztDJitivtQvaI9KaLyKrc+hBW0yg==",
      "dependencies": [
        "to-regex-range"
      ]
    },
    "fsevents@2.3.3": {
      "integrity": "sha512-5xoDfX+fL7faATnagmWPpbFtwh/R77WmMMqqHGS65C3vvB0YHrgF+B1YmZ3441tMj5n63k0212XNoJwzlhffQw=="
    },
    "function-bind@1.1.2": {
      "integrity": "sha512-7XHNxH7qX9xG5mIwxkhumTox/MIRNcOgDrxWsMt2pAr23WHp6MrRlN7FBSFpCpr+oVO0F744iUgR82nJMfG2SA=="
    },
    "glob-parent@5.1.2": {
      "integrity": "sha512-AOIgSQCepiJYwP3ARnGx+5VnTu2HBYdzbGP45eLw1vr3zB3vZLeyed1sC9hnbcOc9/SrMyM5RPQrkGz4aS9Zow==",
      "dependencies": [
        "is-glob"
      ]
    },
    "has-flag@4.0.0": {
      "integrity": "sha512-EykJT/Q1KjTWctppgIAgfSO0tKVuZUjhgMr17kqTumMl6Afv3EISleU7qZUzoXDFTAHTDC4NOoG/ZxU3EvlMPQ=="
    },
    "hasown@2.0.2": {
      "integrity": "sha512-0hJU9SCPvmMzIBdZFqNPXWa6dqh7WdH0cII9y+CyS8rG3nL48Bclra9HmKhVVUHyPWNH5Y7xDwAB7bfgSjkUMQ==",
      "dependencies": [
        "function-bind"
      ]
    },
    "immutable@4.3.6": {
      "integrity": "sha512-Ju0+lEMyzMVZarkTn/gqRpdqd5dOPaz1mCZ0SH3JV6iFw81PldE/PEB1hWVEA288HPt4WXW8O7AWxB10M+03QQ=="
    },
    "is-binary-path@2.1.0": {
      "integrity": "sha512-ZMERYes6pDydyuGidse7OsHxtbI7WVeUEozgR/g7rd0xUimYNlvZRE/K2MgZTjWy725IfelLeVcEM97mmtRGXw==",
      "dependencies": [
        "binary-extensions"
      ]
    },
    "is-core-module@2.13.1": {
      "integrity": "sha512-hHrIjvZsftOsvKSn2TRYl63zvxsgE0K+0mYMoH6gD4omR5IWB2KynivBQczo3+wF1cCkjzvptnI9Q0sPU66ilw==",
      "dependencies": [
        "hasown"
      ]
    },
    "is-extglob@2.1.1": {
      "integrity": "sha512-SbKbANkN603Vi4jEZv49LeVJMn4yGwsbzZworEoyEiutsN3nJYdbO36zfhGJ6QEDpOZIFkDtnq5JRxmvl3jsoQ=="
    },
    "is-glob@4.0.3": {
      "integrity": "sha512-xelSayHH36ZgE7ZWhli7pW34hNbNl8Ojv5KVmkJD4hBdD3th8Tfk9vYasLM+mXWOZhFkgZfxhLSnrwRr4elSSg==",
      "dependencies": [
        "is-extglob"
      ]
    },
    "is-number@7.0.0": {
      "integrity": "sha512-41Cifkg6e8TylSpdtTpeLVMqvSBEVzTttHvERD741+pnZ8ANv0004MRL43QKPDlK9cGvNp6NZWZUBlbGXYxxng=="
    },
    "lru-cache@11.0.2": {
      "integrity": "sha512-123qHRfJBmo2jXDbo/a5YOQrJoHF/GNQTLzQ5+IdK5pWpceK17yRc6ozlWd25FxvGKQbIUs91fDFkXmDHTKcyA=="
    },
    "luxon@3.5.0": {
      "integrity": "sha512-rh+Zjr6DNfUYR3bPwJEnuwDdqMbxZW7LOQfUN4B54+Cl+0o5zaU9RJ6bcidfDtC1cWCZXQ+nvX8bf6bAji37QQ=="
    },
    "mdurl@1.0.1": {
      "integrity": "sha512-/sKlQJCBYVY9Ers9hqzKou4H6V5UWc/M59TH2dvkt+84itfnq7uFOMLpOiOS4ujvHP4etln18fmIxA5R5fll0g=="
    },
    "minimist@1.2.8": {
      "integrity": "sha512-2yyAR8qBkN3YuheJanUpWC5U3bb5osDywNB8RzDVlDwDHbocAJveqqj1u8+SVD7jkWT4yvsHCpWqqWqAxb0zCA=="
    },
    "normalize-path@3.0.0": {
      "integrity": "sha512-6eZs5Ls3WtCisHWp9S2GUy8dqkpGi4BVSz3GaqiE6ezub0512ESztXUwUB6C6IKbQkY2Pnb/mD4WYojCRwcwLA=="
    },
    "path-parse@1.0.7": {
      "integrity": "sha512-LDJzPVEEEPR+y48z93A0Ed0yXb8pAByGWo/k5YYdYgpY2/2EsOsksJrq7lOHxryrVOn1ejG6oAp8ahvOIQD8sw=="
    },
    "path-to-regexp@6.2.1": {
      "integrity": "sha512-JLyh7xT1kizaEvcaXOQwOc2/Yhw6KZOvPf1S8401UyLk86CU79LN3vl7ztXGm/pZ+YjoyAJ4rxmHwbkBXJX+yw=="
    },
    "picomatch@2.3.1": {
      "integrity": "sha512-JU3teHTNjmE2VCGFzuY8EXzCDVwEqB2a8fsIvwaStHhAWJEeVd1o1QD80CU6+ZdEXXSLbSsuLwJjkCBWqRQUVA=="
    },
    "preact-render-to-string@6.5.11_preact@10.24.3": {
      "integrity": "sha512-ubnauqoGczeGISiOh6RjX0/cdaF8v/oDXIjO85XALCQjwQP+SB4RDXXtvZ6yTYSjG+PC1QRP2AhPgCEsM2EvUw==",
      "dependencies": [
        "preact"
      ]
    },
    "preact@10.24.3": {
      "integrity": "sha512-Z2dPnBnMUfyQfSQ+GBdsGa16hz35YmLmtTLhM169uW944hYL6xzTYkJjC07j+Wosz733pMWx0fgON3JNw1jJQA=="
    },
    "readdirp@3.6.0": {
      "integrity": "sha512-hOS089on8RduqdbhvQ5Z37A0ESjsqz6qnRcffsMU3495FuTdqSm+7bhJ29JvIOsBDEEnan5DPu9t3To9VRlMzA==",
      "dependencies": [
        "picomatch"
      ]
    },
    "resolve@1.22.8": {
      "integrity": "sha512-oKWePCxqpd6FlLvGV1VU0x7bkPmmCNolxzjMf4NczoDnQcIWrAF+cPtZn5i6n+RfD2d9i0tzpKnG6Yk168yIyw==",
      "dependencies": [
        "is-core-module",
        "path-parse",
        "supports-preserve-symlinks-flag"
      ]
    },
    "rxjs@7.8.1": {
      "integrity": "sha512-AA3TVj+0A2iuIoQkWEK/tqFjBq2j+6PO6Y0zJcvzLAFhEFIO3HL0vls9hWLncZbAAbK0mar7oZ4V079I/qPMxg==",
      "dependencies": [
        "tslib"
      ]
    },
    "safe-identifier@0.4.2": {
      "integrity": "sha512-6pNbSMW6OhAi9j+N8V+U715yBQsaWJ7eyEUaOrawX+isg5ZxhUlV1NipNtgaKHmFGiABwt+ZF04Ii+3Xjkg+8w=="
    },
    "sass-embedded-android-arm64@1.77.2": {
      "integrity": "sha512-7DiFMros5iRYrkPlNqUBfzZ/DCgsI199pRF8xuBsPf9yuB8SLDOqvNk3QOnUCMAbpjW5VW1JgdfGFFlHTCnJQA=="
    },
    "sass-embedded-android-arm@1.77.2": {
      "integrity": "sha512-rMuIMZ/FstMrT9Y23LDgQGpCyfe3i10dJnmW+DVJ9Gqz4dR7qpysEBIQXU35mHVq8ppNZ0yGiFlFZTSiiVMdzQ=="
    },
    "sass-embedded-android-ia32@1.77.2": {
      "integrity": "sha512-qN0laKrAjuvBLFdUogGz8jQlbHs6tgH91tKQeE7ZE4AO9zzDRlXtaEJP1x6B6AGVc8UOEkvQyR3Nej4qwWprhA=="
    },
    "sass-embedded-android-x64@1.77.2": {
      "integrity": "sha512-HByqtC5g5hOaJenWs4Klx6gFEIZYx+IEFh5K56U+wB+jd6EU32Lrnbdxy1+i/p/kZrd+23HrVHQPv8zpmxucaw=="
    },
    "sass-embedded-darwin-arm64@1.77.2": {
      "integrity": "sha512-0jkL/FwbAStqqxFSjHfhElEAWrKRRvFz2JeXOxskUdzMehDMv5LaewqSRCijyeKBO3KgurvndmSfrOizdU6WAw=="
    },
    "sass-embedded-darwin-x64@1.77.2": {
      "integrity": "sha512-8Sy36IxOOFPWA5TdhC87SvOkrXUSis51CGKlIsM8yZISQiY9y8b+wrNJM1f3oHvs641xZBaeIuwibJXaY6hNBg=="
    },
    "sass-embedded-linux-arm64@1.77.2": {
      "integrity": "sha512-hlfNFu1IWHI0cOsbpFWPrJlx7IFZfXuI3iEhwa4oljM21y72E6tETUFmTr4f9Ka9qDLXkUxUoYaTH2SqGU9dDA=="
    },
    "sass-embedded-linux-arm@1.77.2": {
      "integrity": "sha512-/gtCseBkGCBw61p6MG2BqeYy8rblffw2KXUzMKjo9Hlqj/KajWDk7j1B+mVnqrHOPB/KBbm8Ym/2ooCYpnMIkQ=="
    },
    "sass-embedded-linux-ia32@1.77.2": {
      "integrity": "sha512-JSIqGIeAKlrMw/oMFFFxZ10F3QUJVdjeGVI83h6mwNHTYgrX6PuOngcAYleIpYR5XicQgfueC5pPVPbP5CArBQ=="
    },
    "sass-embedded-linux-musl-arm64@1.77.2": {
      "integrity": "sha512-JQZuONuhIurKjc/qE9cTiJXSLixL8hGkalWN3LJHasYHVAU92QA/t8rv0T51vIzf/I2F59He3bapkPme60dwSw=="
    },
    "sass-embedded-linux-musl-arm@1.77.2": {
      "integrity": "sha512-LZTSnfHPlfvkdQ8orpnEUCEx40qhKpMjxN3Ggi8kgQqv5jvtqn0ECdWl0n4WI5CrlkmtdS3VeFcsf078bt/f8Q=="
    },
    "sass-embedded-linux-musl-ia32@1.77.2": {
      "integrity": "sha512-6F1GHBgPkcTXtfM0MK3PofozagNF8IawdfIG4RNzGeSZRhGBRgZLOS+vdre4xubTLSaa6xjbI47YfaD43z8URQ=="
    },
    "sass-embedded-linux-musl-x64@1.77.2": {
      "integrity": "sha512-8BiqLA1NJeN3rCaX6t747GWMMdH5YUFYuytXU8waDC/u+FSGoOHRxfrsB8BEWHVgSPDxhwZklanPCXXzbzB2lw=="
    },
    "sass-embedded-linux-x64@1.77.2": {
      "integrity": "sha512-czQOxGOX4U47jW9k+cbFBgSt/6FVx2WGLPqPvrgDiEToLJdZyvzUqrkpqQYfJ6hN1koqatCPEpDrUZBcTPGUGg=="
    },
    "sass-embedded-win32-arm64@1.77.2": {
      "integrity": "sha512-NA+4Y5PO04YQGtKNCyLrUjQU2nijskVA3Er/UYGtx66BBlWZ/ttbnlk+dU05SF5Jhjb3HtThGGH1meb7pKA+OQ=="
    },
    "sass-embedded-win32-ia32@1.77.2": {
      "integrity": "sha512-/3hGz4GefhVuuUu2gSOdsxBYym5Di0co0tZbtiokCU/8VhYhcAQ3v2Lni49VV6OnsyJLb1nUx+rbpd8cKO1U4w=="
    },
    "sass-embedded-win32-x64@1.77.2": {
      "integrity": "sha512-joHLDICWmnR9Ca+LT9B+Fp85sCvV9F3gdtHtXLSuQAEulG5Ip1Z9euB3FUw+Z0s0Vz4MjNea+JD+TwO9eMrpyw=="
    },
    "sass-embedded@1.77.2": {
      "integrity": "sha512-luiDeWNZ0tKs1jCiSFbuz8wFVQxYqN+vh+yfm9v7kW42yPtwEF8+z2ROaDJluSUZ7vhFmsXuqoKg9qBxc7SCnw==",
      "dependencies": [
        "@bufbuild/protobuf@1.9.0",
        "buffer-builder",
        "immutable",
        "rxjs",
        "sass-embedded-android-arm",
        "sass-embedded-android-arm64",
        "sass-embedded-android-ia32",
        "sass-embedded-android-x64",
        "sass-embedded-darwin-arm64",
        "sass-embedded-darwin-x64",
        "sass-embedded-linux-arm",
        "sass-embedded-linux-arm64",
        "sass-embedded-linux-ia32",
        "sass-embedded-linux-musl-arm",
        "sass-embedded-linux-musl-arm64",
        "sass-embedded-linux-musl-ia32",
        "sass-embedded-linux-musl-x64",
        "sass-embedded-linux-x64",
        "sass-embedded-win32-arm64",
        "sass-embedded-win32-ia32",
        "sass-embedded-win32-x64",
        "supports-color",
        "varint"
      ]
    },
    "sass@1.77.2": {
      "integrity": "sha512-eb4GZt1C3avsX3heBNlrc7I09nyT00IUuo4eFhAbeXWU2fvA7oXI53SxODVAA+zgZCk9aunAZgO+losjR3fAwA==",
      "dependencies": [
        "chokidar",
        "immutable",
        "source-map-js"
      ]
    },
    "source-map-js@1.2.0": {
      "integrity": "sha512-itJW8lvSA0TXEphiRoawsCksnlf8SyvmFzIhltqAHluXd88pkCd+cXJVHTDwdCr0IzwptSm035IHQktUu1QUMg=="
    },
    "supports-color@8.1.1": {
      "integrity": "sha512-MpUEN2OodtUzxvKQl72cUF7RQ5EiHsGvSsVG0ia9c5RbWGL2CI4C7EpPS8UTBIplnlzZiNuV56w+FuNxy3ty2Q==",
      "dependencies": [
        "has-flag"
      ]
    },
    "supports-preserve-symlinks-flag@1.0.0": {
      "integrity": "sha512-ot0WnXS9fgdkgIcePe6RHNk1WA8+muPa6cSjeR3V8K27q9BB1rTE3R1p7Hv0z1ZyAc8s6Vvv8DIyWf681MAt0w=="
    },
    "to-regex-range@5.0.1": {
      "integrity": "sha512-65P7iz6X5yEr1cwcgvQxbbIw7Uk3gOy5dIdtZ4rDveLqhrdJP+Li/Hx6tyK0NEb+2GCyneCMJiGqrADCSNk8sQ==",
      "dependencies": [
        "is-number"
      ]
    },
    "tslib@2.6.2": {
      "integrity": "sha512-AEYxH93jGFPn/a2iVAwW87VuUIkR1FVUKB77NwMF7nBTDkDrrT/Hpt/IrCJ0QXhW27jTBDcf5ZY7w6RiqTMw2Q=="
    },
    "undici-types@6.19.8": {
      "integrity": "sha512-ve2KP6f/JnbPBFyobGHuerC9g1FYGn/F8n1LWTwNxCEzd6IfqTwUQcNXgEtmmQ6DlRrC1hrSrBnCZPokRrDHjw=="
    },
    "varint@6.0.0": {
      "integrity": "sha512-cXEIW6cfr15lFv563k4GuVuW/fiwjknytD37jIOLSdSWuOI6WnO/oKwmP2FQTU2l01LP8/M5TSAJpzUaGe3uWg=="
    },
    "zod@3.23.4": {
      "integrity": "sha512-/AtWOKbBgjzEYYQRNfoGKHObgfAZag6qUJX1VbHo2PRBgS+wfWagEY2mizjfyAPcGesrJOcx/wcl0L9WnVrHFw=="
    },
    "zod@3.23.8": {
      "integrity": "sha512-XBx9AXhXktjUqnepgTiE5flcKIYWi/rme0Eaj+5Y0lftuGBq+jyRu/md4WnuxqgP1ubdpNCsYEYPxrzVHD8d6g=="
    },
    "zod@3.24.1": {
      "integrity": "sha512-muH7gBL9sI1nciMZV67X5fTKKBLtwpZ5VBp1vsOQzj1MhrBZ4wlVCm3gedKZWLp0Oyel8sIGfeiz54Su+OVT+A=="
    }
  },
  "workspace": {
    "dependencies": [
      "jsr:@cliffy/command@1.0.0-rc.4",
      "jsr:@diskuto/client@~0.10.2",
      "jsr:@nfnitloop/better-iterators@^1.5.0",
      "jsr:@nfnitloop/deno-embedder@^1.6.1",
      "jsr:@std/encoding@^1.0.5",
      "jsr:@std/toml@^1.0.1",
      "npm:@preact/signals@^1.3.0",
      "npm:@types/luxon@^3.4.2",
      "npm:commonmark@~0.31.2",
      "npm:lru-cache@^11.0.2",
      "npm:luxon@^3.5.0",
      "npm:preact-render-to-string@^6.5.11",
      "npm:preact@^10.24.3",
      "npm:zod@^3.23.8"
    ]
  }
}
